// !$*UTF8*$!
{
	archiveVersion = 1;
	classes = {
	};
	objectVersion = 46;
	objects = {

/* Begin PBXBuildFile section */
		5A5827121D353CD900DCDFAB /* AppDelegate.swift in Sources */ = {isa = PBXBuildFile; fileRef = 5A5827111D353CD900DCDFAB /* AppDelegate.swift */; };
		5A5827171D353CD900DCDFAB /* Main.storyboard in Resources */ = {isa = PBXBuildFile; fileRef = 5A5827151D353CD900DCDFAB /* Main.storyboard */; };
		5A5827191D353CD900DCDFAB /* Assets.xcassets in Resources */ = {isa = PBXBuildFile; fileRef = 5A5827181D353CD900DCDFAB /* Assets.xcassets */; };
		5A58271C1D353CD900DCDFAB /* LaunchScreen.storyboard in Resources */ = {isa = PBXBuildFile; fileRef = 5A58271A1D353CD900DCDFAB /* LaunchScreen.storyboard */; };
		5A72FC371D363A680073D975 /* MainViewController.swift in Sources */ = {isa = PBXBuildFile; fileRef = 5A72FC361D363A680073D975 /* MainViewController.swift */; };
		5A72FC3D1D378C0B0073D975 /* settings@3x.png in Resources */ = {isa = PBXBuildFile; fileRef = 5A72FC3A1D378C0B0073D975 /* settings@3x.png */; };
		5A72FC3E1D378C0B0073D975 /* settings@2x.png in Resources */ = {isa = PBXBuildFile; fileRef = 5A72FC3B1D378C0B0073D975 /* settings@2x.png */; };
		5A72FC3F1D378C0B0073D975 /* settings.png in Resources */ = {isa = PBXBuildFile; fileRef = 5A72FC3C1D378C0B0073D975 /* settings.png */; };
/* End PBXBuildFile section */

/* Begin PBXFileReference section */
		5A58270E1D353CD900DCDFAB /* RandomNumber.app */ = {isa = PBXFileReference; explicitFileType = wrapper.application; includeInIndex = 0; path = RandomNumber.app; sourceTree = BUILT_PRODUCTS_DIR; };
		5A5827111D353CD900DCDFAB /* AppDelegate.swift */ = {isa = PBXFileReference; lastKnownFileType = sourcecode.swift; path = AppDelegate.swift; sourceTree = "<group>"; };
		5A5827161D353CD900DCDFAB /* Base */ = {isa = PBXFileReference; lastKnownFileType = file.storyboard; name = Base; path = Base.lproj/Main.storyboard; sourceTree = "<group>"; };
		5A5827181D353CD900DCDFAB /* Assets.xcassets */ = {isa = PBXFileReference; lastKnownFileType = folder.assetcatalog; path = Assets.xcassets; sourceTree = "<group>"; };
		5A58271B1D353CD900DCDFAB /* Base */ = {isa = PBXFileReference; lastKnownFileType = file.storyboard; name = Base; path = Base.lproj/LaunchScreen.storyboard; sourceTree = "<group>"; };
		5A58271D1D353CD900DCDFAB /* Info.plist */ = {isa = PBXFileReference; lastKnownFileType = text.plist.xml; path = Info.plist; sourceTree = "<group>"; };
		5A72FC361D363A680073D975 /* MainViewController.swift */ = {isa = PBXFileReference; fileEncoding = 4; lastKnownFileType = sourcecode.swift; path = MainViewController.swift; sourceTree = "<group>"; };
		5A72FC3A1D378C0B0073D975 /* settings@3x.png */ = {isa = PBXFileReference; lastKnownFileType = image.png; path = "settings@3x.png"; sourceTree = "<group>"; };
		5A72FC3B1D378C0B0073D975 /* settings@2x.png */ = {isa = PBXFileReference; lastKnownFileType = image.png; path = "settings@2x.png"; sourceTree = "<group>"; };
		5A72FC3C1D378C0B0073D975 /* settings.png */ = {isa = PBXFileReference; lastKnownFileType = image.png; path = settings.png; sourceTree = "<group>"; };
/* End PBXFileReference section */

/* Begin PBXFrameworksBuildPhase section */
		5A58270B1D353CD900DCDFAB /* Frameworks */ = {
			isa = PBXFrameworksBuildPhase;
			buildActionMask = 2147483647;
			files = (
			);
			runOnlyForDeploymentPostprocessing = 0;
		};
/* End PBXFrameworksBuildPhase section */

/* Begin PBXGroup section */
		5A5827051D353CD800DCDFAB = {
			isa = PBXGroup;
			children = (
				5A5827101D353CD900DCDFAB /* RandomNumber */,
				5A58270F1D353CD900DCDFAB /* Products */,
			);
			sourceTree = "<group>";
		};
		5A58270F1D353CD900DCDFAB /* Products */ = {
			isa = PBXGroup;
			children = (
				5A58270E1D353CD900DCDFAB /* RandomNumber.app */,
			);
			name = Products;
			sourceTree = "<group>";
		};
		5A5827101D353CD900DCDFAB /* RandomNumber */ = {
			isa = PBXGroup;
			children = (
				5A5827111D353CD900DCDFAB /* AppDelegate.swift */,
				5A72FC361D363A680073D975 /* MainViewController.swift */,
				5A5827151D353CD900DCDFAB /* Main.storyboard */,
				5A72FC3A1D378C0B0073D975 /* settings@3x.png */,
				5A72FC3B1D378C0B0073D975 /* settings@2x.png */,
				5A72FC3C1D378C0B0073D975 /* settings.png */,
				5A5827181D353CD900DCDFAB /* Assets.xcassets */,
				5A58271A1D353CD900DCDFAB /* LaunchScreen.storyboard */,
				5A58271D1D353CD900DCDFAB /* Info.plist */,
			);
			path = RandomNumber;
			sourceTree = "<group>";
		};
/* End PBXGroup section */

/* Begin PBXNativeTarget section */
		5A58270D1D353CD900DCDFAB /* RandomNumber */ = {
			isa = PBXNativeTarget;
			buildConfigurationList = 5A5827201D353CD900DCDFAB /* Build configuration list for PBXNativeTarget "RandomNumber" */;
			buildPhases = (
				5A58270A1D353CD900DCDFAB /* Sources */,
				5A58270B1D353CD900DCDFAB /* Frameworks */,
				5A58270C1D353CD900DCDFAB /* Resources */,
			);
			buildRules = (
			);
			dependencies = (
			);
			name = RandomNumber;
			productName = RandomNumber;
			productReference = 5A58270E1D353CD900DCDFAB /* RandomNumber.app */;
			productType = "com.apple.product-type.application";
		};
/* End PBXNativeTarget section */

/* Begin PBXProject section */
		5A5827061D353CD800DCDFAB /* Project object */ = {
			isa = PBXProject;
			attributes = {
				LastSwiftUpdateCheck = 0730;
				LastUpgradeCheck = 0730;
				ORGANIZATIONNAME = "Дмитрий Горбачев";
				TargetAttributes = {
					5A58270D1D353CD900DCDFAB = {
						CreatedOnToolsVersion = 7.3.1;
						DevelopmentTeam = 887LSKBT5E;
					};
				};
			};
			buildConfigurationList = 5A5827091D353CD800DCDFAB /* Build configuration list for PBXProject "RandomNumber" */;
			compatibilityVersion = "Xcode 3.2";
			developmentRegion = English;
			hasScannedForEncodings = 0;
			knownRegions = (
				en,
				Base,
			);
			mainGroup = 5A5827051D353CD800DCDFAB;
			productRefGroup = 5A58270F1D353CD900DCDFAB /* Products */;
			projectDirPath = "";
			projectRoot = "";
			targets = (
				5A58270D1D353CD900DCDFAB /* RandomNumber */,
			);
		};
/* End PBXProject section */

/* Begin PBXResourcesBuildPhase section */
		5A58270C1D353CD900DCDFAB /* Resources */ = {
			isa = PBXResourcesBuildPhase;
			buildActionMask = 2147483647;
			files = (
				5A72FC3F1D378C0B0073D975 /* settings.png in Resources */,
				5A72FC3E1D378C0B0073D975 /* settings@2x.png in Resources */,
				5A58271C1D353CD900DCDFAB /* LaunchScreen.storyboard in Resources */,
				5A5827191D353CD900DCDFAB /* Assets.xcassets in Resources */,
				5A72FC3D1D378C0B0073D975 /* settings@3x.png in Resources */,
				5A5827171D353CD900DCDFAB /* Main.storyboard in Resources */,
			);
			runOnlyForDeploymentPostprocessing = 0;
		};
/* End PBXResourcesBuildPhase section */

/* Begin PBXSourcesBuildPhase section */
		5A58270A1D353CD900DCDFAB /* Sources */ = {
			isa = PBXSourcesBuildPhase;
			buildActionMask = 2147483647;
			files = (
				5A72FC371D363A680073D975 /* MainViewController.swift in Sources */,
				5A5827121D353CD900DCDFAB /* AppDelegate.swift in Sources */,
			);
			runOnlyForDeploymentPostprocessing = 0;
		};
/* End PBXSourcesBuildPhase section */

/* Begin PBXVariantGroup section */
		5A5827151D353CD900DCDFAB /* Main.storyboard */ = {
			isa = PBXVariantGroup;
			children = (
				5A5827161D353CD900DCDFAB /* Base */,
			);
			name = Main.storyboard;
			sourceTree = "<group>";
		};
		5A58271A1D353CD900DCDFAB /* LaunchScreen.storyboard */ = {
			isa = PBXVariantGroup;
			children = (
				5A58271B1D353CD900DCDFAB /* Base */,
			);
			name = LaunchScreen.storyboard;
			sourceTree = "<group>";
		};
/* End PBXVariantGroup section */

/* Begin XCBuildConfiguration section */
		5A58271E1D353CD900DCDFAB /* Debug */ = {
			isa = XCBuildConfiguration;
			buildSettings = {
				ALWAYS_SEARCH_USER_PATHS = NO;
				CLANG_ANALYZER_NONNULL = YES;
				CLANG_CXX_LANGUAGE_STANDARD = "gnu++0x";
				CLANG_CXX_LIBRARY = "libc++";
				CLANG_ENABLE_MODULES = YES;
				CLANG_ENABLE_OBJC_ARC = YES;
				CLANG_WARN_BOOL_CONVERSION = YES;
				CLANG_WARN_CONSTANT_CONVERSION = YES;
				CLANG_WARN_DIRECT_OBJC_ISA_USAGE = YES_ERROR;
				CLANG_WARN_EMPTY_BODY = YES;
				CLANG_WARN_ENUM_CONVERSION = YES;
				CLANG_WARN_INT_CONVERSION = YES;
				CLANG_WARN_OBJC_ROOT_CLASS = YES_ERROR;
				CLANG_WARN_UNREACHABLE_CODE = YES;
				CLANG_WARN__DUPLICATE_METHOD_MATCH = YES;
				"CODE_SIGN_IDENTITY[sdk=iphoneos*]" = "iPhone Developer";
				COPY_PHASE_STRIP = NO;
				DEBUG_INFORMATION_FORMAT = dwarf;
				ENABLE_STRICT_OBJC_MSGSEND = YES;
				ENABLE_TESTABILITY = YES;
				GCC_C_LANGUAGE_STANDARD = gnu99;
				GCC_DYNAMIC_NO_PIC = NO;
				GCC_NO_COMMON_BLOCKS = YES;
				GCC_OPTIMIZATION_LEVEL = 0;
				GCC_PREPROCESSOR_DEFINITIONS = (
					"DEBUG=1",
					"$(inherited)",
				);
				GCC_WARN_64_TO_32_BIT_CONVERSION = YES;
				GCC_WARN_ABOUT_RETURN_TYPE = YES_ERROR;
				GCC_WARN_UNDECLARED_SELECTOR = YES;
				GCC_WARN_UNINITIALIZED_AUTOS = YES_AGGRESSIVE;
				GCC_WARN_UNUSED_FUNCTION = YES;
				GCC_WARN_UNUSED_VARIABLE = YES;
				IPHONEOS_DEPLOYMENT_TARGET = 9.3;
				MTL_ENABLE_DEBUG_INFO = YES;
				ONLY_ACTIVE_ARCH = YES;
				SDKROOT = iphoneos;
				SWIFT_OPTIMIZATION_LEVEL = "-Onone";
			};
			name = Debug;
		};
		5A58271F1D353CD900DCDFAB /* Release */ = {
			isa = XCBuildConfiguration;
			buildSettings = {
				ALWAYS_SEARCH_USER_PATHS = NO;
				CLANG_ANALYZER_NONNULL = YES;
				CLANG_CXX_LANGUAGE_STANDARD = "gnu++0x";
				CLANG_CXX_LIBRARY = "libc++";
				CLANG_ENABLE_MODULES = YES;
				CLANG_ENABLE_OBJC_ARC = YES;
				CLANG_WARN_BOOL_CONVERSION = YES;
				CLANG_WARN_CONSTANT_CONVERSION = YES;
				CLANG_WARN_DIRECT_OBJC_ISA_USAGE = YES_ERROR;
				CLANG_WARN_EMPTY_BODY = YES;
				CLANG_WARN_ENUM_CONVERSION = YES;
				CLANG_WARN_INT_CONVERSION = YES;
				CLANG_WARN_OBJC_ROOT_CLASS = YES_ERROR;
				CLANG_WARN_UNREACHABLE_CODE = YES;
				CLANG_WARN__DUPLICATE_METHOD_MATCH = YES;
				"CODE_SIGN_IDENTITY[sdk=iphoneos*]" = "iPhone Developer";
				COPY_PHASE_STRIP = NO;
				DEBUG_INFORMATION_FORMAT = "dwarf-with-dsym";
				ENABLE_NS_ASSERTIONS = NO;
				ENABLE_STRICT_OBJC_MSGSEND = YES;
				GCC_C_LANGUAGE_STANDARD = gnu99;
				GCC_NO_COMMON_BLOCKS = YES;
				GCC_WARN_64_TO_32_BIT_CONVERSION = YES;
				GCC_WARN_ABOUT_RETURN_TYPE = YES_ERROR;
				GCC_WARN_UNDECLARED_SELECTOR = YES;
				GCC_WARN_UNINITIALIZED_AUTOS = YES_AGGRESSIVE;
				GCC_WARN_UNUSED_FUNCTION = YES;
				GCC_WARN_UNUSED_VARIABLE = YES;
				IPHONEOS_DEPLOYMENT_TARGET = 9.3;
				MTL_ENABLE_DEBUG_INFO = NO;
				SDKROOT = iphoneos;
				VALIDATE_PRODUCT = YES;
			};
			name = Release;
		};
		5A5827211D353CD900DCDFAB /* Debug */ = {
			isa = XCBuildConfiguration;
			buildSettings = {
				ASSETCATALOG_COMPILER_APPICON_NAME = AppIcon;
				CODE_SIGN_IDENTITY = "iPhone Developer";
				INFOPLIST_FILE = RandomNumber/Info.plist;
				IPHONEOS_DEPLOYMENT_TARGET = 8.0;
				LD_RUNPATH_SEARCH_PATHS = "$(inherited) @executable_path/Frameworks";
				PRODUCT_BUNDLE_IDENTIFIER = developer.gorbachev.RandomNumber;
				PRODUCT_NAME = "$(TARGET_NAME)";
			};
			name = Debug;
		};
		5A5827221D353CD900DCDFAB /* Release */ = {
			isa = XCBuildConfiguration;
			buildSettings = {
				ASSETCATALOG_COMPILER_APPICON_NAME = AppIcon;
				CODE_SIGN_IDENTITY = "iPhone Developer";
				INFOPLIST_FILE = RandomNumber/Info.plist;
				IPHONEOS_DEPLOYMENT_TARGET = 8.0;
				LD_RUNPATH_SEARCH_PATHS = "$(inherited) @executable_path/Frameworks";
				PRODUCT_BUNDLE_IDENTIFIER = developer.gorbachev.RandomNumber;
				PRODUCT_NAME = "$(TARGET_NAME)";
			};
			name = Release;
		};
/* End XCBuildConfiguration section */

/* Begin XCConfigurationList section */
		5A5827091D353CD800DCDFAB /* Build configuration list for PBXProject "RandomNumber" */ = {
			isa = XCConfigurationList;
			buildConfigurations = (
				5A58271E1D353CD900DCDFAB /* Debug */,
				5A58271F1D353CD900DCDFAB /* Release */,
			);
			defaultConfigurationIsVisible = 0;
			defaultConfigurationName = Release;
		};
		5A5827201D353CD900DCDFAB /* Build configuration list for PBXNativeTarget "RandomNumber" */ = {
			isa = XCConfigurationList;
			buildConfigurations = (
				5A5827211D353CD900DCDFAB /* Debug */,
				5A5827221D353CD900DCDFAB /* Release */,
			);
			defaultConfigurationIsVisible = 0;
			defaultConfigurationName = Release;
		};
/* End XCConfigurationList section */
	};
	rootObject = 5A5827061D353CD800DCDFAB /* Project object */;
}
